
Microsoft Visual Studio Solution File, Format Version 12.00
# Visual Studio Version 17
VisualStudioVersion = 17.10.34928.147
MinimumVisualStudioVersion = 10.0.40219.1
Project("{8BC9CEB8-8B4A-11D0-8D11-00A0C91BC942}") = "tic-tac-toe", "tic-tac-toe\tic-tac-toe.vcxproj", "{A70D38E3-9D68-43DC-80A2-00A35FACA4DD}"
EndProject
Global
	GlobalSection(SolutionConfigurationPlatforms) = preSolution
		Debug|x64 = Debug|x64
		Debug|x86 = Debug|x86
		Release|x64 = Release|x64
		Release|x86 = Release|x86
	EndGlobalSection
	GlobalSection(ProjectConfigurationPlatforms) = postSolution
		{A70D38E3-9D68-43DC-80A2-00A35FACA4DD}.Debug|x64.ActiveCfg = Debug|x64
		{A70D38E3-9D68-43DC-80A2-00A35FACA4DD}.Debug|x64.Build.0 = Debug|x64
		{A70D38E3-9D68-43DC-80A2-00A35FACA4DD}.Debug|x86.ActiveCfg = Debug|Win32
		{A70D38E3-9D68-43DC-80A2-00A35FACA4DD}.Debug|x86.Build.0 = Debug|Win32
		{A70D38E3-9D68-43DC-80A2-00A35FACA4DD}.Release|x64.ActiveCfg = Release|x64
		{A70D38E3-9D68-43DC-80A2-00A35FACA4DD}.Release|x64.Build.0 = Release|x64
		{A70D38E3-9D68-43DC-80A2-00A35FACA4DD}.Release|x86.ActiveCfg = Release|Win32
		{A70D38E3-9D68-43DC-80A2-00A35FACA4DD}.Release|x86.Build.0 = Release|Win32
	EndGlobalSection
	GlobalSection(SolutionProperties) = preSolution
		HideSolutionNode = FALSE
	EndGlobalSection
	GlobalSection(ExtensibilityGlobals) = postSolution
		SolutionGuid = {FA4DC871-8076-406E-934B-67908DA1F836}
	EndGlobalSection
EndGlobal
